
Microsoft Visual Studio Solution File, Format Version 12.00
# Visual Studio Version 16
VisualStudioVersion = 16.0.34729.46
MinimumVisualStudioVersion = 10.0.40219.1
Project("{FAE04EC0-301F-11D3-BF4B-00C04F79EFBC}") = "Web Api", "Web Api.csproj", "{A7DDDB87-3AC0-4E25-A531-8E364C1B0552}"
EndProject
Global
	GlobalSection(SolutionConfigurationPlatforms) = preSolution
		Debug|Any CPU = Debug|Any CPU
		Release|Any CPU = Release|Any CPU
	EndGlobalSection
	GlobalSection(ProjectConfigurationPlatforms) = postSolution
		{A7DDDB87-3AC0-4E25-A531-8E364C1B0552}.Debug|Any CPU.ActiveCfg = Debug|Any CPU
		{A7DDDB87-3AC0-4E25-A531-8E364C1B0552}.Debug|Any CPU.Build.0 = Debug|Any CPU
		{A7DDDB87-3AC0-4E25-A531-8E364C1B0552}.Release|Any CPU.ActiveCfg = Release|Any CPU
		{A7DDDB87-3AC0-4E25-A531-8E364C1B0552}.Release|Any CPU.Build.0 = Release|Any CPU
	EndGlobalSection
	GlobalSection(SolutionProperties) = preSolution
		HideSolutionNode = FALSE
	EndGlobalSection
	GlobalSection(ExtensibilityGlobals) = postSolution
		SolutionGuid = {05479EFB-D04A-4473-AA74-FBDA8402DB06}
	EndGlobalSection
EndGlobal
