
Microsoft Visual Studio Solution File, Format Version 12.00
# Visual Studio Version 16
VisualStudioVersion = 16.0.34729.46
MinimumVisualStudioVersion = 10.0.40219.1
Project("{FAE04EC0-301F-11D3-BF4B-00C04F79EFBC}") = "Trainreservationsys", "Trainreservationsys.csproj", "{B5F0993A-7CD4-417C-8300-A1A026907593}"
EndProject
Global
	GlobalSection(SolutionConfigurationPlatforms) = preSolution
		Debug|Any CPU = Debug|Any CPU
		Release|Any CPU = Release|Any CPU
	EndGlobalSection
	GlobalSection(ProjectConfigurationPlatforms) = postSolution
		{B5F0993A-7CD4-417C-8300-A1A026907593}.Debug|Any CPU.ActiveCfg = Debug|Any CPU
		{B5F0993A-7CD4-417C-8300-A1A026907593}.Debug|Any CPU.Build.0 = Debug|Any CPU
		{B5F0993A-7CD4-417C-8300-A1A026907593}.Release|Any CPU.ActiveCfg = Release|Any CPU
		{B5F0993A-7CD4-417C-8300-A1A026907593}.Release|Any CPU.Build.0 = Release|Any CPU
	EndGlobalSection
	GlobalSection(SolutionProperties) = preSolution
		HideSolutionNode = FALSE
	EndGlobalSection
	GlobalSection(ExtensibilityGlobals) = postSolution
		SolutionGuid = {F292E1A6-DA71-4526-9EDA-EBCD6CCA8231}
	EndGlobalSection
EndGlobal
